
Microsoft Visual Studio Solution File, Format Version 12.00
# Visual Studio Version 17
VisualStudioVersion = 17.12.35707.178
MinimumVisualStudioVersion = 10.0.40219.1
Project("{FAE04EC0-301F-11D3-BF4B-00C04F79EFBC}") = "Lab1EntryPoint", "Lab1EntryPoint.csproj", "{01A092B4-DFDC-412C-BEAB-3521550F49A4}"
EndProject
Project("{FAE04EC0-301F-11D3-BF4B-00C04F79EFBC}") = "Lab1Library", "..\Lab1Library\Lab1Library.csproj", "{E74976F5-0F3D-463A-974A-069135F98700}"
EndProject
Global
	GlobalSection(SolutionConfigurationPlatforms) = preSolution
		Debug|Any CPU = Debug|Any CPU
		Release|Any CPU = Release|Any CPU
	EndGlobalSection
	GlobalSection(ProjectConfigurationPlatforms) = postSolution
		{01A092B4-DFDC-412C-BEAB-3521550F49A4}.Debug|Any CPU.ActiveCfg = Debug|Any CPU
		{01A092B4-DFDC-412C-BEAB-3521550F49A4}.Debug|Any CPU.Build.0 = Debug|Any CPU
		{01A092B4-DFDC-412C-BEAB-3521550F49A4}.Release|Any CPU.ActiveCfg = Release|Any CPU
		{01A092B4-DFDC-412C-BEAB-3521550F49A4}.Release|Any CPU.Build.0 = Release|Any CPU
		{E74976F5-0F3D-463A-974A-069135F98700}.Debug|Any CPU.ActiveCfg = Debug|Any CPU
		{E74976F5-0F3D-463A-974A-069135F98700}.Debug|Any CPU.Build.0 = Debug|Any CPU
		{E74976F5-0F3D-463A-974A-069135F98700}.Release|Any CPU.ActiveCfg = Release|Any CPU
		{E74976F5-0F3D-463A-974A-069135F98700}.Release|Any CPU.Build.0 = Release|Any CPU
	EndGlobalSection
	GlobalSection(SolutionProperties) = preSolution
		HideSolutionNode = FALSE
	EndGlobalSection
EndGlobal
